
Microsoft Visual Studio Solution File, Format Version 12.00
# Visual Studio Version 16
VisualStudioVersion = 16.0.29519.181
MinimumVisualStudioVersion = 10.0.40219.1
Project("{FAE04EC0-301F-11D3-BF4B-00C04F79EFBC}") = "mprCADmanager", "mprCADmanager\mprCADmanager.csproj", "{F64730B7-5197-4EF7-9B17-E7B3C200E257}"
EndProject
Project("{9A19103F-16F7-4668-BE54-9A1E7A4F7556}") = "_build", "build\_build.csproj", "{788FF0F7-B18F-4F5F-BA3E-E13DE6F3762D}"
EndProject
Global
	GlobalSection(SolutionConfigurationPlatforms) = preSolution
		Debug|x64 = Debug|x64
		R2015|x64 = R2015|x64
		R2016|x64 = R2016|x64
		R2017|x64 = R2017|x64
		R2018|x64 = R2018|x64
		R2019|x64 = R2019|x64
		R2020|x64 = R2020|x64
	EndGlobalSection
	GlobalSection(ProjectConfigurationPlatforms) = postSolution
		{F64730B7-5197-4EF7-9B17-E7B3C200E257}.Debug|x64.ActiveCfg = Debug|x64
		{F64730B7-5197-4EF7-9B17-E7B3C200E257}.R2015|x64.ActiveCfg = R2015|x64
		{F64730B7-5197-4EF7-9B17-E7B3C200E257}.R2015|x64.Build.0 = R2015|x64
		{F64730B7-5197-4EF7-9B17-E7B3C200E257}.R2016|x64.ActiveCfg = R2016|x64
		{F64730B7-5197-4EF7-9B17-E7B3C200E257}.R2016|x64.Build.0 = R2016|x64
		{F64730B7-5197-4EF7-9B17-E7B3C200E257}.R2017|x64.ActiveCfg = R2017|x64
		{F64730B7-5197-4EF7-9B17-E7B3C200E257}.R2017|x64.Build.0 = R2017|x64
		{F64730B7-5197-4EF7-9B17-E7B3C200E257}.R2018|x64.ActiveCfg = R2018|x64
		{F64730B7-5197-4EF7-9B17-E7B3C200E257}.R2018|x64.Build.0 = R2018|x64
		{F64730B7-5197-4EF7-9B17-E7B3C200E257}.R2019|x64.ActiveCfg = R2019|x64
		{F64730B7-5197-4EF7-9B17-E7B3C200E257}.R2019|x64.Build.0 = R2019|x64
		{F64730B7-5197-4EF7-9B17-E7B3C200E257}.R2020|x64.ActiveCfg = R2020|x64
		{F64730B7-5197-4EF7-9B17-E7B3C200E257}.R2020|x64.Build.0 = R2020|x64
		{788FF0F7-B18F-4F5F-BA3E-E13DE6F3762D}.Debug|x64.ActiveCfg = Debug|Any CPU
		{788FF0F7-B18F-4F5F-BA3E-E13DE6F3762D}.Debug|x64.Build.0 = Debug|Any CPU
		{788FF0F7-B18F-4F5F-BA3E-E13DE6F3762D}.R2015|x64.ActiveCfg = Release|Any CPU
		{788FF0F7-B18F-4F5F-BA3E-E13DE6F3762D}.R2015|x64.Build.0 = Release|Any CPU
		{788FF0F7-B18F-4F5F-BA3E-E13DE6F3762D}.R2016|x64.ActiveCfg = Release|Any CPU
		{788FF0F7-B18F-4F5F-BA3E-E13DE6F3762D}.R2016|x64.Build.0 = Release|Any CPU
		{788FF0F7-B18F-4F5F-BA3E-E13DE6F3762D}.R2017|x64.ActiveCfg = Release|Any CPU
		{788FF0F7-B18F-4F5F-BA3E-E13DE6F3762D}.R2017|x64.Build.0 = Release|Any CPU
		{788FF0F7-B18F-4F5F-BA3E-E13DE6F3762D}.R2018|x64.ActiveCfg = Release|Any CPU
		{788FF0F7-B18F-4F5F-BA3E-E13DE6F3762D}.R2018|x64.Build.0 = Release|Any CPU
		{788FF0F7-B18F-4F5F-BA3E-E13DE6F3762D}.R2019|x64.ActiveCfg = Release|Any CPU
		{788FF0F7-B18F-4F5F-BA3E-E13DE6F3762D}.R2019|x64.Build.0 = Release|Any CPU
		{788FF0F7-B18F-4F5F-BA3E-E13DE6F3762D}.R2020|x64.ActiveCfg = Release|Any CPU
		{788FF0F7-B18F-4F5F-BA3E-E13DE6F3762D}.R2020|x64.Build.0 = Release|Any CPU
	EndGlobalSection
	GlobalSection(SolutionProperties) = preSolution
		HideSolutionNode = FALSE
	EndGlobalSection
	GlobalSection(ExtensibilityGlobals) = postSolution
		SolutionGuid = {E8332348-57CD-4FC7-B4F3-F44071F93039}
	EndGlobalSection
EndGlobal
